
Microsoft Visual Studio Solution File, Format Version 12.00
# Visual Studio Version 16
VisualStudioVersion = 16.0.30611.23
MinimumVisualStudioVersion = 10.0.40219.1
Project("{FAE04EC0-301F-11D3-BF4B-00C04F79EFBC}") = "MaksDipl", "MaksDipl\MaksDipl.csproj", "{9E659676-FC71-43FC-A53D-D0A85DC79F28}"
EndProject
Global
	GlobalSection(SolutionConfigurationPlatforms) = preSolution
		Debug|Any CPU = Debug|Any CPU
		Release|Any CPU = Release|Any CPU
	EndGlobalSection
	GlobalSection(ProjectConfigurationPlatforms) = postSolution
		{9E659676-FC71-43FC-A53D-D0A85DC79F28}.Debug|Any CPU.ActiveCfg = Debug|Any CPU
		{9E659676-FC71-43FC-A53D-D0A85DC79F28}.Debug|Any CPU.Build.0 = Debug|Any CPU
		{9E659676-FC71-43FC-A53D-D0A85DC79F28}.Release|Any CPU.ActiveCfg = Release|Any CPU
		{9E659676-FC71-43FC-A53D-D0A85DC79F28}.Release|Any CPU.Build.0 = Release|Any CPU
	EndGlobalSection
	GlobalSection(SolutionProperties) = preSolution
		HideSolutionNode = FALSE
	EndGlobalSection
	GlobalSection(ExtensibilityGlobals) = postSolution
		SolutionGuid = {DAB51FBC-0B05-4D92-8735-BB89C19DD259}
	EndGlobalSection
EndGlobal
